// !$*UTF8*$!
{
	archiveVersion = 1;
	classes = {
	};
	objectVersion = 77;
	objects = {

/* Begin PBXBuildFile section */
		0FB10A0938BFBB621C550A3A /* Assets.xcassets in Resources */ = {isa = PBXBuildFile; fileRef = 7C30423A843E888981335A05 /* Assets.xcassets */; };
		12451F3D59B5BF2F1B0E030C /* MobileRootView.swift in Sources */ = {isa = PBXBuildFile; fileRef = E370CA3FA995595A0B88E569 /* MobileRootView.swift */; };
		1A220131E02D4C07F4DA07F4 /* MobileSection.swift in Sources */ = {isa = PBXBuildFile; fileRef = D3031197C92B1FD90A1C5023 /* MobileSection.swift */; };
		1AFC4E52C3361584E7A21DDA /* ImportedFileStore.swift in Sources */ = {isa = PBXBuildFile; fileRef = 1B9730411FE7B3F85DF55AF7 /* ImportedFileStore.swift */; };
		1D91DCE40D5E8E29EB399403 /* DeviceStatusView.swift in Sources */ = {isa = PBXBuildFile; fileRef = 03B4DE0826156D9C48DE6FBF /* DeviceStatusView.swift */; };
		3EA4BB0D3E74B5219F04E604 /* MediaLibraryStore.swift in Sources */ = {isa = PBXBuildFile; fileRef = 7A6F336271A181735E75A9A7 /* MediaLibraryStore.swift */; };
		7901D2F8C9F35733F5688656 /* DeviceStatusStore.swift in Sources */ = {isa = PBXBuildFile; fileRef = 120AEECF49FCE947FA0C5843 /* DeviceStatusStore.swift */; };
		9D9B5F0B401DEDD2C2DB7DB9 /* PhotosHomeView.swift in Sources */ = {isa = PBXBuildFile; fileRef = 2499D460479E117C528DD84B /* PhotosHomeView.swift */; };
		A0855769E5D60F6EE2686EF5 /* PrivacyInfo.xcprivacy in Resources */ = {isa = PBXBuildFile; fileRef = 072884B6CD7C4B805DDA1B5A /* PrivacyInfo.xcprivacy */; };
		A1D7B202A0D0A7E48BF5DC51 /* MobileCoreTests.swift in Sources */ = {isa = PBXBuildFile; fileRef = 0366BEE249378D4304612CC6 /* MobileCoreTests.swift */; };
		B9989E4263662E5F21C57126 /* MacCleanerMobileApp.swift in Sources */ = {isa = PBXBuildFile; fileRef = B685567449923AA157903448 /* MacCleanerMobileApp.swift */; };
		C767EB4CA8F0E48F06DC3645 /* ImportedFilesView.swift in Sources */ = {isa = PBXBuildFile; fileRef = D091532F42213A8498D48172 /* ImportedFilesView.swift */; };
		C8D359DDF3371F98CCA153C8 /* MobileTheme.swift in Sources */ = {isa = PBXBuildFile; fileRef = 346038D21495A7A00B9835CD /* MobileTheme.swift */; };
/* End PBXBuildFile section */

/* Begin PBXContainerItemProxy section */
		C5BFE0534264B2074C8B9355 /* PBXContainerItemProxy */ = {
			isa = PBXContainerItemProxy;
			containerPortal = 5F72673160C87BCB4FABCF1B /* Project object */;
			proxyType = 1;
			remoteGlobalIDString = 078CAD990D4F99F596F313B3;
			remoteInfo = MacCleanerMobile;
		};
/* End PBXContainerItemProxy section */

/* Begin PBXFileReference section */
		0366BEE249378D4304612CC6 /* MobileCoreTests.swift */ = {isa = PBXFileReference; lastKnownFileType = sourcecode.swift; path = MobileCoreTests.swift; sourceTree = "<group>"; };
		03B4DE0826156D9C48DE6FBF /* DeviceStatusView.swift */ = {isa = PBXFileReference; lastKnownFileType = sourcecode.swift; path = DeviceStatusView.swift; sourceTree = "<group>"; };
		072884B6CD7C4B805DDA1B5A /* PrivacyInfo.xcprivacy */ = {isa = PBXFileReference; path = PrivacyInfo.xcprivacy; sourceTree = "<group>"; };
		120AEECF49FCE947FA0C5843 /* DeviceStatusStore.swift */ = {isa = PBXFileReference; lastKnownFileType = sourcecode.swift; path = DeviceStatusStore.swift; sourceTree = "<group>"; };
		1B9730411FE7B3F85DF55AF7 /* ImportedFileStore.swift */ = {isa = PBXFileReference; lastKnownFileType = sourcecode.swift; path = ImportedFileStore.swift; sourceTree = "<group>"; };
		2499D460479E117C528DD84B /* PhotosHomeView.swift */ = {isa = PBXFileReference; lastKnownFileType = sourcecode.swift; path = PhotosHomeView.swift; sourceTree = "<group>"; };
		346038D21495A7A00B9835CD /* MobileTheme.swift */ = {isa = PBXFileReference; lastKnownFileType = sourcecode.swift; path = MobileTheme.swift; sourceTree = "<group>"; };
		7A6F336271A181735E75A9A7 /* MediaLibraryStore.swift */ = {isa = PBXFileReference; lastKnownFileType = sourcecode.swift; path = MediaLibraryStore.swift; sourceTree = "<group>"; };
		7C30423A843E888981335A05 /* Assets.xcassets */ = {isa = PBXFileReference; lastKnownFileType = folder.assetcatalog; path = Assets.xcassets; sourceTree = "<group>"; };
		B685567449923AA157903448 /* MacCleanerMobileApp.swift */ = {isa = PBXFileReference; lastKnownFileType = sourcecode.swift; path = MacCleanerMobileApp.swift; sourceTree = "<group>"; };
		D091532F42213A8498D48172 /* ImportedFilesView.swift */ = {isa = PBXFileReference; lastKnownFileType = sourcecode.swift; path = ImportedFilesView.swift; sourceTree = "<group>"; };
		D3031197C92B1FD90A1C5023 /* MobileSection.swift */ = {isa = PBXFileReference; lastKnownFileType = sourcecode.swift; path = MobileSection.swift; sourceTree = "<group>"; };
		E370CA3FA995595A0B88E569 /* MobileRootView.swift */ = {isa = PBXFileReference; lastKnownFileType = sourcecode.swift; path = MobileRootView.swift; sourceTree = "<group>"; };
		E8341903F0FF28FAC3115390 /* MacCleanerMobile.app */ = {isa = PBXFileReference; includeInIndex = 0; lastKnownFileType = wrapper.application; path = MacCleanerMobile.app; sourceTree = BUILT_PRODUCTS_DIR; };
		F151AF4F0D263710330B9D3E /* MacCleanerMobileTests.xctest */ = {isa = PBXFileReference; includeInIndex = 0; lastKnownFileType = wrapper.cfbundle; path = MacCleanerMobileTests.xctest; sourceTree = BUILT_PRODUCTS_DIR; };
/* End PBXFileReference section */

/* Begin PBXGroup section */
		3C5263B08338F1065EA741DE /* Files */ = {
			isa = PBXGroup;
			children = (
				1B9730411FE7B3F85DF55AF7 /* ImportedFileStore.swift */,
				D091532F42213A8498D48172 /* ImportedFilesView.swift */,
			);
			path = Files;
			sourceTree = "<group>";
		};
		41CBBFA89557C6C7E491D7FE /* Design */ = {
			isa = PBXGroup;
			children = (
				346038D21495A7A00B9835CD /* MobileTheme.swift */,
			);
			path = Design;
			sourceTree = "<group>";
		};
		680C2457E5F39554703E8D3D /* MacCleanerMobileTests */ = {
			isa = PBXGroup;
			children = (
				0366BEE249378D4304612CC6 /* MobileCoreTests.swift */,
			);
			path = MacCleanerMobileTests;
			sourceTree = "<group>";
		};
		6CBDDEC1E631EE6EA1CAA839 /* App */ = {
			isa = PBXGroup;
			children = (
				B685567449923AA157903448 /* MacCleanerMobileApp.swift */,
				E370CA3FA995595A0B88E569 /* MobileRootView.swift */,
				D3031197C92B1FD90A1C5023 /* MobileSection.swift */,
			);
			path = App;
			sourceTree = "<group>";
		};
		790E34D878D93E7294CEE439 /* Photos */ = {
			isa = PBXGroup;
			children = (
				7A6F336271A181735E75A9A7 /* MediaLibraryStore.swift */,
				2499D460479E117C528DD84B /* PhotosHomeView.swift */,
			);
			path = Photos;
			sourceTree = "<group>";
		};
		BD77C1270000BF96CAA020A7 = {
			isa = PBXGroup;
			children = (
				FA314090E50F866BF9F9600F /* MacCleanerMobile */,
				680C2457E5F39554703E8D3D /* MacCleanerMobileTests */,
				CBD0571D6CF16C3F3B76DEEC /* Products */,
			);
			sourceTree = "<group>";
		};
		CBD0571D6CF16C3F3B76DEEC /* Products */ = {
			isa = PBXGroup;
			children = (
				E8341903F0FF28FAC3115390 /* MacCleanerMobile.app */,
				F151AF4F0D263710330B9D3E /* MacCleanerMobileTests.xctest */,
			);
			name = Products;
			sourceTree = "<group>";
		};
		DBF5311B3222A9705B4C776A /* Device */ = {
			isa = PBXGroup;
			children = (
				120AEECF49FCE947FA0C5843 /* DeviceStatusStore.swift */,
				03B4DE0826156D9C48DE6FBF /* DeviceStatusView.swift */,
			);
			path = Device;
			sourceTree = "<group>";
		};
		FA314090E50F866BF9F9600F /* MacCleanerMobile */ = {
			isa = PBXGroup;
			children = (
				7C30423A843E888981335A05 /* Assets.xcassets */,
				072884B6CD7C4B805DDA1B5A /* PrivacyInfo.xcprivacy */,
				6CBDDEC1E631EE6EA1CAA839 /* App */,
				41CBBFA89557C6C7E491D7FE /* Design */,
				DBF5311B3222A9705B4C776A /* Device */,
				3C5263B08338F1065EA741DE /* Files */,
				790E34D878D93E7294CEE439 /* Photos */,
			);
			path = MacCleanerMobile;
			sourceTree = "<group>";
		};
/* End PBXGroup section */

/* Begin PBXNativeTarget section */
		078CAD990D4F99F596F313B3 /* MacCleanerMobile */ = {
			isa = PBXNativeTarget;
			buildConfigurationList = 1330259A2421BDA1DFD9CF9C /* Build configuration list for PBXNativeTarget "MacCleanerMobile" */;
			buildPhases = (
				7103014E59F98E47FE7BE419 /* Sources */,
				23E598DD689A0CFE2457605D /* Resources */,
			);
			buildRules = (
			);
			dependencies = (
			);
			name = MacCleanerMobile;
			packageProductDependencies = (
			);
			productName = MacCleanerMobile;
			productReference = E8341903F0FF28FAC3115390 /* MacCleanerMobile.app */;
			productType = "com.apple.product-type.application";
		};
		64D71D8B678278B4D5247079 /* MacCleanerMobileTests */ = {
			isa = PBXNativeTarget;
			buildConfigurationList = 6ABD5744B3D0ACC2100806C0 /* Build configuration list for PBXNativeTarget "MacCleanerMobileTests" */;
			buildPhases = (
				F8C74773945699B95643DE24 /* Sources */,
			);
			buildRules = (
			);
			dependencies = (
				69EBC3C358F2942419416DFA /* PBXTargetDependency */,
			);
			name = MacCleanerMobileTests;
			packageProductDependencies = (
			);
			productName = MacCleanerMobileTests;
			productReference = F151AF4F0D263710330B9D3E /* MacCleanerMobileTests.xctest */;
			productType = "com.apple.product-type.bundle.unit-test";
		};
/* End PBXNativeTarget section */

/* Begin PBXProject section */
		5F72673160C87BCB4FABCF1B /* Project object */ = {
			isa = PBXProject;
			attributes = {
				BuildIndependentTargetsInParallel = YES;
				LastUpgradeCheck = 1430;
				TargetAttributes = {
					078CAD990D4F99F596F313B3 = {
						DevelopmentTeam = 32Z99M2NUD;
						ProvisioningStyle = Automatic;
					};
					64D71D8B678278B4D5247079 = {
						DevelopmentTeam = 32Z99M2NUD;
						ProvisioningStyle = Automatic;
					};
				};
			};
			buildConfigurationList = 009A842EE1665ED22E3963F8 /* Build configuration list for PBXProject "MacCleanerMobile" */;
			developmentRegion = en;
			hasScannedForEncodings = 0;
			knownRegions = (
				Base,
				en,
			);
			mainGroup = BD77C1270000BF96CAA020A7;
			minimizedProjectReferenceProxies = 1;
			preferredProjectObjectVersion = 77;
			productRefGroup = CBD0571D6CF16C3F3B76DEEC /* Products */;
			projectDirPath = "";
			projectRoot = "";
			targets = (
				078CAD990D4F99F596F313B3 /* MacCleanerMobile */,
				64D71D8B678278B4D5247079 /* MacCleanerMobileTests */,
			);
		};
/* End PBXProject section */

/* Begin PBXResourcesBuildPhase section */
		23E598DD689A0CFE2457605D /* Resources */ = {
			isa = PBXResourcesBuildPhase;
			buildActionMask = 2147483647;
			files = (
				0FB10A0938BFBB621C550A3A /* Assets.xcassets in Resources */,
				A0855769E5D60F6EE2686EF5 /* PrivacyInfo.xcprivacy in Resources */,
			);
			runOnlyForDeploymentPostprocessing = 0;
		};
/* End PBXResourcesBuildPhase section */

/* Begin PBXSourcesBuildPhase section */
		7103014E59F98E47FE7BE419 /* Sources */ = {
			isa = PBXSourcesBuildPhase;
			buildActionMask = 2147483647;
			files = (
				7901D2F8C9F35733F5688656 /* DeviceStatusStore.swift in Sources */,
				1D91DCE40D5E8E29EB399403 /* DeviceStatusView.swift in Sources */,
				1AFC4E52C3361584E7A21DDA /* ImportedFileStore.swift in Sources */,
				C767EB4CA8F0E48F06DC3645 /* ImportedFilesView.swift in Sources */,
				B9989E4263662E5F21C57126 /* MacCleanerMobileApp.swift in Sources */,
				3EA4BB0D3E74B5219F04E604 /* MediaLibraryStore.swift in Sources */,
				12451F3D59B5BF2F1B0E030C /* MobileRootView.swift in Sources */,
				1A220131E02D4C07F4DA07F4 /* MobileSection.swift in Sources */,
				C8D359DDF3371F98CCA153C8 /* MobileTheme.swift in Sources */,
				9D9B5F0B401DEDD2C2DB7DB9 /* PhotosHomeView.swift in Sources */,
			);
			runOnlyForDeploymentPostprocessing = 0;
		};
		F8C74773945699B95643DE24 /* Sources */ = {
			isa = PBXSourcesBuildPhase;
			buildActionMask = 2147483647;
			files = (
				A1D7B202A0D0A7E48BF5DC51 /* MobileCoreTests.swift in Sources */,
			);
			runOnlyForDeploymentPostprocessing = 0;
		};
/* End PBXSourcesBuildPhase section */

/* Begin PBXTargetDependency section */
		69EBC3C358F2942419416DFA /* PBXTargetDependency */ = {
			isa = PBXTargetDependency;
			target = 078CAD990D4F99F596F313B3 /* MacCleanerMobile */;
			targetProxy = C5BFE0534264B2074C8B9355 /* PBXContainerItemProxy */;
		};
/* End PBXTargetDependency section */

/* Begin XCBuildConfiguration section */
		71EADF8E2DABFAF7D225F083 /* Debug */ = {
			isa = XCBuildConfiguration;
			buildSettings = {
				BUNDLE_LOADER = "$(TEST_HOST)";
				GENERATE_INFOPLIST_FILE = YES;
				LD_RUNPATH_SEARCH_PATHS = (
					"$(inherited)",
					"@executable_path/Frameworks",
					"@loader_path/Frameworks",
				);
				PRODUCT_BUNDLE_IDENTIFIER = com.doyoukim.maccleaner.mobile.tests;
				SDKROOT = iphoneos;
				TARGETED_DEVICE_FAMILY = "1,2";
				TEST_HOST = "$(BUILT_PRODUCTS_DIR)/MacCleanerMobile.app/MacCleanerMobile";
			};
			name = Debug;
		};
		80DF75FEC5C5446626AB2423 /* Release */ = {
			isa = XCBuildConfiguration;
			buildSettings = {
				ALWAYS_SEARCH_USER_PATHS = NO;
				CLANG_ANALYZER_NONNULL = YES;
				CLANG_ANALYZER_NUMBER_OBJECT_CONVERSION = YES_AGGRESSIVE;
				CLANG_CXX_LANGUAGE_STANDARD = "gnu++14";
				CLANG_CXX_LIBRARY = "libc++";
				CLANG_ENABLE_MODULES = YES;
				CLANG_ENABLE_OBJC_ARC = YES;
				CLANG_ENABLE_OBJC_WEAK = YES;
				CLANG_WARN_BLOCK_CAPTURE_AUTORELEASING = YES;
				CLANG_WARN_BOOL_CONVERSION = YES;
				CLANG_WARN_COMMA = YES;
				CLANG_WARN_CONSTANT_CONVERSION = YES;
				CLANG_WARN_DEPRECATED_OBJC_IMPLEMENTATIONS = YES;
				CLANG_WARN_DIRECT_OBJC_ISA_USAGE = YES_ERROR;
				CLANG_WARN_DOCUMENTATION_COMMENTS = YES;
				CLANG_WARN_EMPTY_BODY = YES;
				CLANG_WARN_ENUM_CONVERSION = YES;
				CLANG_WARN_INFINITE_RECURSION = YES;
				CLANG_WARN_INT_CONVERSION = YES;
				CLANG_WARN_NON_LITERAL_NULL_CONVERSION = YES;
				CLANG_WARN_OBJC_IMPLICIT_RETAIN_SELF = YES;
				CLANG_WARN_OBJC_LITERAL_CONVERSION = YES;
				CLANG_WARN_OBJC_ROOT_CLASS = YES_ERROR;
				CLANG_WARN_QUOTED_INCLUDE_IN_FRAMEWORK_HEADER = YES;
				CLANG_WARN_RANGE_LOOP_ANALYSIS = YES;
				CLANG_WARN_STRICT_PROTOTYPES = YES;
				CLANG_WARN_SUSPICIOUS_MOVE = YES;
				CLANG_WARN_UNGUARDED_AVAILABILITY = YES_AGGRESSIVE;
				CLANG_WARN_UNREACHABLE_CODE = YES;
				CLANG_WARN__DUPLICATE_METHOD_MATCH = YES;
				CODE_SIGN_STYLE = Automatic;
				COPY_PHASE_STRIP = NO;
				DEBUG_INFORMATION_FORMAT = "dwarf-with-dsym";
				DEVELOPMENT_TEAM = 32Z99M2NUD;
				ENABLE_NS_ASSERTIONS = NO;
				ENABLE_STRICT_OBJC_MSGSEND = YES;
				GCC_C_LANGUAGE_STANDARD = gnu11;
				GCC_NO_COMMON_BLOCKS = YES;
				GCC_WARN_64_TO_32_BIT_CONVERSION = YES;
				GCC_WARN_ABOUT_RETURN_TYPE = YES_ERROR;
				GCC_WARN_UNDECLARED_SELECTOR = YES;
				GCC_WARN_UNINITIALIZED_AUTOS = YES_AGGRESSIVE;
				GCC_WARN_UNUSED_FUNCTION = YES;
				GCC_WARN_UNUSED_VARIABLE = YES;
				IPHONEOS_DEPLOYMENT_TARGET = 17.0;
				MTL_ENABLE_DEBUG_INFO = NO;
				MTL_FAST_MATH = YES;
				PRODUCT_NAME = "$(TARGET_NAME)";
				SDKROOT = iphoneos;
				SWIFT_COMPILATION_MODE = wholemodule;
				SWIFT_OPTIMIZATION_LEVEL = "-O";
				SWIFT_VERSION = 5.1;
			};
			name = Release;
		};
		B3A91A53056CEC6DBCA964C5 /* Release */ = {
			isa = XCBuildConfiguration;
			buildSettings = {
				BUNDLE_LOADER = "$(TEST_HOST)";
				GENERATE_INFOPLIST_FILE = YES;
				LD_RUNPATH_SEARCH_PATHS = (
					"$(inherited)",
					"@executable_path/Frameworks",
					"@loader_path/Frameworks",
				);
				PRODUCT_BUNDLE_IDENTIFIER = com.doyoukim.maccleaner.mobile.tests;
				SDKROOT = iphoneos;
				TARGETED_DEVICE_FAMILY = "1,2";
				TEST_HOST = "$(BUILT_PRODUCTS_DIR)/MacCleanerMobile.app/MacCleanerMobile";
			};
			name = Release;
		};
		BDC2072D9D502419F54C33DC /* Debug */ = {
			isa = XCBuildConfiguration;
			buildSettings = {
				ALWAYS_SEARCH_USER_PATHS = NO;
				CLANG_ANALYZER_NONNULL = YES;
				CLANG_ANALYZER_NUMBER_OBJECT_CONVERSION = YES_AGGRESSIVE;
				CLANG_CXX_LANGUAGE_STANDARD = "gnu++14";
				CLANG_CXX_LIBRARY = "libc++";
				CLANG_ENABLE_MODULES = YES;
				CLANG_ENABLE_OBJC_ARC = YES;
				CLANG_ENABLE_OBJC_WEAK = YES;
				CLANG_WARN_BLOCK_CAPTURE_AUTORELEASING = YES;
				CLANG_WARN_BOOL_CONVERSION = YES;
				CLANG_WARN_COMMA = YES;
				CLANG_WARN_CONSTANT_CONVERSION = YES;
				CLANG_WARN_DEPRECATED_OBJC_IMPLEMENTATIONS = YES;
				CLANG_WARN_DIRECT_OBJC_ISA_USAGE = YES_ERROR;
				CLANG_WARN_DOCUMENTATION_COMMENTS = YES;
				CLANG_WARN_EMPTY_BODY = YES;
				CLANG_WARN_ENUM_CONVERSION = YES;
				CLANG_WARN_INFINITE_RECURSION = YES;
				CLANG_WARN_INT_CONVERSION = YES;
				CLANG_WARN_NON_LITERAL_NULL_CONVERSION = YES;
				CLANG_WARN_OBJC_IMPLICIT_RETAIN_SELF = YES;
				CLANG_WARN_OBJC_LITERAL_CONVERSION = YES;
				CLANG_WARN_OBJC_ROOT_CLASS = YES_ERROR;
				CLANG_WARN_QUOTED_INCLUDE_IN_FRAMEWORK_HEADER = YES;
				CLANG_WARN_RANGE_LOOP_ANALYSIS = YES;
				CLANG_WARN_STRICT_PROTOTYPES = YES;
				CLANG_WARN_SUSPICIOUS_MOVE = YES;
				CLANG_WARN_UNGUARDED_AVAILABILITY = YES_AGGRESSIVE;
				CLANG_WARN_UNREACHABLE_CODE = YES;
				CLANG_WARN__DUPLICATE_METHOD_MATCH = YES;
				CODE_SIGN_STYLE = Automatic;
				COPY_PHASE_STRIP = NO;
				DEBUG_INFORMATION_FORMAT = dwarf;
				DEVELOPMENT_TEAM = 32Z99M2NUD;
				ENABLE_STRICT_OBJC_MSGSEND = YES;
				ENABLE_TESTABILITY = YES;
				GCC_C_LANGUAGE_STANDARD = gnu11;
				GCC_DYNAMIC_NO_PIC = NO;
				GCC_NO_COMMON_BLOCKS = YES;
				GCC_OPTIMIZATION_LEVEL = 0;
				GCC_PREPROCESSOR_DEFINITIONS = (
					"$(inherited)",
					"DEBUG=1",
				);
				GCC_WARN_64_TO_32_BIT_CONVERSION = YES;
				GCC_WARN_ABOUT_RETURN_TYPE = YES_ERROR;
				GCC_WARN_UNDECLARED_SELECTOR = YES;
				GCC_WARN_UNINITIALIZED_AUTOS = YES_AGGRESSIVE;
				GCC_WARN_UNUSED_FUNCTION = YES;
				GCC_WARN_UNUSED_VARIABLE = YES;
				IPHONEOS_DEPLOYMENT_TARGET = 17.0;
				MTL_ENABLE_DEBUG_INFO = INCLUDE_SOURCE;
				MTL_FAST_MATH = YES;
				ONLY_ACTIVE_ARCH = YES;
				PRODUCT_NAME = "$(TARGET_NAME)";
				SDKROOT = iphoneos;
				SWIFT_ACTIVE_COMPILATION_CONDITIONS = DEBUG;
				SWIFT_OPTIMIZATION_LEVEL = "-Onone";
				SWIFT_VERSION = 5.1;
			};
			name = Debug;
		};
		D60429367B3B058292C41A72 /* Debug */ = {
			isa = XCBuildConfiguration;
			buildSettings = {
				ASSETCATALOG_COMPILER_APPICON_NAME = AppIcon;
				CODE_SIGN_IDENTITY = "iPhone Developer";
				CURRENT_PROJECT_VERSION = 1;
				GENERATE_INFOPLIST_FILE = YES;
				INFOPLIST_KEY_CFBundleDisplayName = MacCleaner;
				INFOPLIST_KEY_LSApplicationCategoryType = "public.app-category.utilities";
				INFOPLIST_KEY_NSPhotoLibraryAddUsageDescription = "정리 작업 중 사진 보관함의 변경 사항을 저장하기 위해 접근이 필요합니다.";
				INFOPLIST_KEY_NSPhotoLibraryUsageDescription = "사진과 동영상의 정리 후보를 찾고 사용자가 선택한 항목을 삭제하기 위해 사진 접근이 필요합니다.";
				INFOPLIST_KEY_UIApplicationSceneManifest_Generation = YES;
				INFOPLIST_KEY_UIApplicationSupportsIndirectInputEvents = YES;
				INFOPLIST_KEY_UILaunchScreen_Generation = YES;
				LD_RUNPATH_SEARCH_PATHS = (
					"$(inherited)",
					"@executable_path/Frameworks",
				);
				MARKETING_VERSION = 1.0.0;
				PRODUCT_BUNDLE_IDENTIFIER = com.doyoukim.maccleaner.mobile;
				SDKROOT = iphoneos;
				TARGETED_DEVICE_FAMILY = 1;
			};
			name = Debug;
		};
		D8A82DBBE22AF0E2ED301B45 /* Release */ = {
			isa = XCBuildConfiguration;
			buildSettings = {
				ASSETCATALOG_COMPILER_APPICON_NAME = AppIcon;
				CODE_SIGN_IDENTITY = "iPhone Developer";
				CURRENT_PROJECT_VERSION = 1;
				GENERATE_INFOPLIST_FILE = YES;
				INFOPLIST_KEY_CFBundleDisplayName = MacCleaner;
				INFOPLIST_KEY_LSApplicationCategoryType = "public.app-category.utilities";
				INFOPLIST_KEY_NSPhotoLibraryAddUsageDescription = "정리 작업 중 사진 보관함의 변경 사항을 저장하기 위해 접근이 필요합니다.";
				INFOPLIST_KEY_NSPhotoLibraryUsageDescription = "사진과 동영상의 정리 후보를 찾고 사용자가 선택한 항목을 삭제하기 위해 사진 접근이 필요합니다.";
				INFOPLIST_KEY_UIApplicationSceneManifest_Generation = YES;
				INFOPLIST_KEY_UIApplicationSupportsIndirectInputEvents = YES;
				INFOPLIST_KEY_UILaunchScreen_Generation = YES;
				LD_RUNPATH_SEARCH_PATHS = (
					"$(inherited)",
					"@executable_path/Frameworks",
				);
				MARKETING_VERSION = 1.0.0;
				PRODUCT_BUNDLE_IDENTIFIER = com.doyoukim.maccleaner.mobile;
				SDKROOT = iphoneos;
				TARGETED_DEVICE_FAMILY = 1;
			};
			name = Release;
		};
/* End XCBuildConfiguration section */

/* Begin XCConfigurationList section */
		009A842EE1665ED22E3963F8 /* Build configuration list for PBXProject "MacCleanerMobile" */ = {
			isa = XCConfigurationList;
			buildConfigurations = (
				BDC2072D9D502419F54C33DC /* Debug */,
				80DF75FEC5C5446626AB2423 /* Release */,
			);
			defaultConfigurationIsVisible = 0;
			defaultConfigurationName = Debug;
		};
		1330259A2421BDA1DFD9CF9C /* Build configuration list for PBXNativeTarget "MacCleanerMobile" */ = {
			isa = XCConfigurationList;
			buildConfigurations = (
				D60429367B3B058292C41A72 /* Debug */,
				D8A82DBBE22AF0E2ED301B45 /* Release */,
			);
			defaultConfigurationIsVisible = 0;
			defaultConfigurationName = Debug;
		};
		6ABD5744B3D0ACC2100806C0 /* Build configuration list for PBXNativeTarget "MacCleanerMobileTests" */ = {
			isa = XCConfigurationList;
			buildConfigurations = (
				71EADF8E2DABFAF7D225F083 /* Debug */,
				B3A91A53056CEC6DBCA964C5 /* Release */,
			);
			defaultConfigurationIsVisible = 0;
			defaultConfigurationName = Debug;
		};
/* End XCConfigurationList section */
	};
	rootObject = 5F72673160C87BCB4FABCF1B /* Project object */;
}
